
Microsoft Visual Studio Solution File, Format Version 12.00
# Visual Studio 2013
VisualStudioVersion = 12.0.40302.0
MinimumVisualStudioVersion = 10.0.40219.1
Project("{2150E333-8FDC-42A3-9474-1A3956D46DE8}") = "BusinessLay", "BusinessLay", "{5A562001-11F3-4701-8715-76A29B959EF5}"
EndProject
Project("{2150E333-8FDC-42A3-9474-1A3956D46DE8}") = "Presentation", "Presentation", "{94D7D5D7-990F-46B5-B90F-FA20EDBBB45A}"
EndProject
Project("{FAE04EC0-301F-11D3-BF4B-00C04F79EFBC}") = "DataModel", "Data\DataModel.csproj", "{80F2F2BD-BE0E-4AE3-9E6D-29AEFA2AB915}"
EndProject
Project("{FAE04EC0-301F-11D3-BF4B-00C04F79EFBC}") = "Business", "Business\Business.csproj", "{2D96C390-EED3-42BF-B29C-891F44734B17}"
EndProject
Project("{FAE04EC0-301F-11D3-BF4B-00C04F79EFBC}") = "WebSite", "WebSite\WebSite.csproj", "{BE3F787F-B531-4E31-B770-E7CDA3933E0A}"
EndProject
Project("{FAE04EC0-301F-11D3-BF4B-00C04F79EFBC}") = "WebAPI", "WebAPI\WebAPI.csproj", "{EA3C5832-B29C-433A-9706-88D11665B55F}"
EndProject
Project("{2150E333-8FDC-42A3-9474-1A3956D46DE8}") = "Test", "Test", "{F1D8E9BC-E096-4094-A390-98BC2886AED7}"
EndProject
Project("{FAE04EC0-301F-11D3-BF4B-00C04F79EFBC}") = "UnitTestWebSite", "UnitTestWebSite\UnitTestWebSite.csproj", "{2C2CED75-065A-4C73-AC9E-FCB20B6524C0}"
EndProject
Global
	GlobalSection(SolutionConfigurationPlatforms) = preSolution
		Debug|Any CPU = Debug|Any CPU
		Release|Any CPU = Release|Any CPU
	EndGlobalSection
	GlobalSection(ProjectConfigurationPlatforms) = postSolution
		{80F2F2BD-BE0E-4AE3-9E6D-29AEFA2AB915}.Debug|Any CPU.ActiveCfg = Debug|Any CPU
		{80F2F2BD-BE0E-4AE3-9E6D-29AEFA2AB915}.Debug|Any CPU.Build.0 = Debug|Any CPU
		{80F2F2BD-BE0E-4AE3-9E6D-29AEFA2AB915}.Release|Any CPU.ActiveCfg = Release|Any CPU
		{80F2F2BD-BE0E-4AE3-9E6D-29AEFA2AB915}.Release|Any CPU.Build.0 = Release|Any CPU
		{2D96C390-EED3-42BF-B29C-891F44734B17}.Debug|Any CPU.ActiveCfg = Debug|Any CPU
		{2D96C390-EED3-42BF-B29C-891F44734B17}.Debug|Any CPU.Build.0 = Debug|Any CPU
		{2D96C390-EED3-42BF-B29C-891F44734B17}.Release|Any CPU.ActiveCfg = Release|Any CPU
		{2D96C390-EED3-42BF-B29C-891F44734B17}.Release|Any CPU.Build.0 = Release|Any CPU
		{BE3F787F-B531-4E31-B770-E7CDA3933E0A}.Debug|Any CPU.ActiveCfg = Debug|Any CPU
		{BE3F787F-B531-4E31-B770-E7CDA3933E0A}.Debug|Any CPU.Build.0 = Debug|Any CPU
		{BE3F787F-B531-4E31-B770-E7CDA3933E0A}.Release|Any CPU.ActiveCfg = Release|Any CPU
		{BE3F787F-B531-4E31-B770-E7CDA3933E0A}.Release|Any CPU.Build.0 = Release|Any CPU
		{EA3C5832-B29C-433A-9706-88D11665B55F}.Debug|Any CPU.ActiveCfg = Debug|Any CPU
		{EA3C5832-B29C-433A-9706-88D11665B55F}.Debug|Any CPU.Build.0 = Debug|Any CPU
		{EA3C5832-B29C-433A-9706-88D11665B55F}.Release|Any CPU.ActiveCfg = Release|Any CPU
		{EA3C5832-B29C-433A-9706-88D11665B55F}.Release|Any CPU.Build.0 = Release|Any CPU
		{2C2CED75-065A-4C73-AC9E-FCB20B6524C0}.Debug|Any CPU.ActiveCfg = Debug|Any CPU
		{2C2CED75-065A-4C73-AC9E-FCB20B6524C0}.Debug|Any CPU.Build.0 = Debug|Any CPU
		{2C2CED75-065A-4C73-AC9E-FCB20B6524C0}.Release|Any CPU.ActiveCfg = Release|Any CPU
		{2C2CED75-065A-4C73-AC9E-FCB20B6524C0}.Release|Any CPU.Build.0 = Release|Any CPU
	EndGlobalSection
	GlobalSection(SolutionProperties) = preSolution
		HideSolutionNode = FALSE
	EndGlobalSection
	GlobalSection(NestedProjects) = preSolution
		{80F2F2BD-BE0E-4AE3-9E6D-29AEFA2AB915} = {5A562001-11F3-4701-8715-76A29B959EF5}
		{2D96C390-EED3-42BF-B29C-891F44734B17} = {5A562001-11F3-4701-8715-76A29B959EF5}
		{BE3F787F-B531-4E31-B770-E7CDA3933E0A} = {94D7D5D7-990F-46B5-B90F-FA20EDBBB45A}
		{EA3C5832-B29C-433A-9706-88D11665B55F} = {5A562001-11F3-4701-8715-76A29B959EF5}
		{2C2CED75-065A-4C73-AC9E-FCB20B6524C0} = {F1D8E9BC-E096-4094-A390-98BC2886AED7}
	EndGlobalSection
EndGlobal
